
Microsoft Visual Studio Solution File, Format Version 12.00
# Visual Studio 15
VisualStudioVersion = 15.0.28307.168
MinimumVisualStudioVersion = 10.0.40219.1
Project("{FAE04EC0-301F-11D3-BF4B-00C04F79EFBC}") = "AdvancedRegistration", "AdvancedRegistration\AdvancedRegistration.csproj", "{09CB3598-8B21-415B-957F-46F9E0F8CCD3}"
EndProject
Global
	GlobalSection(SolutionConfigurationPlatforms) = preSolution
		Debug|Any CPU = Debug|Any CPU
		Release|Any CPU = Release|Any CPU
	EndGlobalSection
	GlobalSection(ProjectConfigurationPlatforms) = postSolution
		{09CB3598-8B21-415B-957F-46F9E0F8CCD3}.Debug|Any CPU.ActiveCfg = Debug|Any CPU
		{09CB3598-8B21-415B-957F-46F9E0F8CCD3}.Debug|Any CPU.Build.0 = Debug|Any CPU
		{09CB3598-8B21-415B-957F-46F9E0F8CCD3}.Release|Any CPU.ActiveCfg = Release|Any CPU
		{09CB3598-8B21-415B-957F-46F9E0F8CCD3}.Release|Any CPU.Build.0 = Release|Any CPU
	EndGlobalSection
	GlobalSection(SolutionProperties) = preSolution
		HideSolutionNode = FALSE
	EndGlobalSection
	GlobalSection(ExtensibilityGlobals) = postSolution
		SolutionGuid = {7F406F64-6332-4325-9BEA-D4CC929055D6}
	EndGlobalSection
EndGlobal
